// !$*UTF8*$!
{
	archiveVersion = 1;
	classes = {
	};
	objectVersion = 56;
	objects = {

/* Begin PBXBuildFile section */
		1B23C9D72B6D272C0038BFCA /* Kavoon-Regular.ttf in Resources */ = {isa = PBXBuildFile; fileRef = 1B23C9D52B6D272C0038BFCA /* Kavoon-Regular.ttf */; };
		1B23C9D82B6D272C0038BFCA /* OFL.txt in Resources */ = {isa = PBXBuildFile; fileRef = 1B23C9D62B6D272C0038BFCA /* OFL.txt */; };
		1B92EA942BADF54500F01E49 /* SignUpViewController.swift in Sources */ = {isa = PBXBuildFile; fileRef = 1B92EA932BADF54500F01E49 /* SignUpViewController.swift */; };
		1BCA44632BB1D2F600D46921 /* FYPViewController.swift in Sources */ = {isa = PBXBuildFile; fileRef = 1BCA44622BB1D2F600D46921 /* FYPViewController.swift */; };
		1BD063B72B9A526000E04558 /* GoogleService-Info.plist in Resources */ = {isa = PBXBuildFile; fileRef = 1BD063B62B9A526000E04558 /* GoogleService-Info.plist */; };
		1BD063BA2B9A550500E04558 /* FirebaseAnalytics in Frameworks */ = {isa = PBXBuildFile; productRef = 1BD063B92B9A550500E04558 /* FirebaseAnalytics */; };
		1BD063BC2B9A550500E04558 /* FirebaseAnalyticsOnDeviceConversion in Frameworks */ = {isa = PBXBuildFile; productRef = 1BD063BB2B9A550500E04558 /* FirebaseAnalyticsOnDeviceConversion */; };
		1BD063BE2B9A550500E04558 /* FirebaseAnalyticsSwift in Frameworks */ = {isa = PBXBuildFile; productRef = 1BD063BD2B9A550500E04558 /* FirebaseAnalyticsSwift */; };
		1BD063C02B9A550500E04558 /* FirebaseAnalyticsWithoutAdIdSupport in Frameworks */ = {isa = PBXBuildFile; productRef = 1BD063BF2B9A550500E04558 /* FirebaseAnalyticsWithoutAdIdSupport */; };
		1BD063C22B9A550500E04558 /* FirebaseAppCheck in Frameworks */ = {isa = PBXBuildFile; productRef = 1BD063C12B9A550500E04558 /* FirebaseAppCheck */; };
		1BD063C42B9A550500E04558 /* FirebaseAppDistribution-Beta in Frameworks */ = {isa = PBXBuildFile; productRef = 1BD063C32B9A550500E04558 /* FirebaseAppDistribution-Beta */; };
		1BD063C62B9A550500E04558 /* FirebaseAuth in Frameworks */ = {isa = PBXBuildFile; productRef = 1BD063C52B9A550500E04558 /* FirebaseAuth */; };
		1BD063C82B9A550500E04558 /* FirebaseAuthCombine-Community in Frameworks */ = {isa = PBXBuildFile; productRef = 1BD063C72B9A550500E04558 /* FirebaseAuthCombine-Community */; };
		1BD063CA2B9A550500E04558 /* FirebaseCrashlytics in Frameworks */ = {isa = PBXBuildFile; productRef = 1BD063C92B9A550500E04558 /* FirebaseCrashlytics */; };
		1BD063CC2B9A550500E04558 /* FirebaseDatabase in Frameworks */ = {isa = PBXBuildFile; productRef = 1BD063CB2B9A550500E04558 /* FirebaseDatabase */; };
		1BD063CE2B9A550500E04558 /* FirebaseDatabaseSwift in Frameworks */ = {isa = PBXBuildFile; productRef = 1BD063CD2B9A550500E04558 /* FirebaseDatabaseSwift */; };
		1BD063D02B9A550500E04558 /* FirebaseDynamicLinks in Frameworks */ = {isa = PBXBuildFile; productRef = 1BD063CF2B9A550500E04558 /* FirebaseDynamicLinks */; };
		1BD063D22B9A550500E04558 /* FirebaseFirestore in Frameworks */ = {isa = PBXBuildFile; productRef = 1BD063D12B9A550500E04558 /* FirebaseFirestore */; };
		1BD063D42B9A550500E04558 /* FirebaseFirestoreCombine-Community in Frameworks */ = {isa = PBXBuildFile; productRef = 1BD063D32B9A550500E04558 /* FirebaseFirestoreCombine-Community */; };
		1BD063D62B9A550500E04558 /* FirebaseFirestoreSwift in Frameworks */ = {isa = PBXBuildFile; productRef = 1BD063D52B9A550500E04558 /* FirebaseFirestoreSwift */; };
		1BD063D82B9A550500E04558 /* FirebaseFunctions in Frameworks */ = {isa = PBXBuildFile; productRef = 1BD063D72B9A550500E04558 /* FirebaseFunctions */; };
		1BD063DA2B9A550500E04558 /* FirebaseFunctionsCombine-Community in Frameworks */ = {isa = PBXBuildFile; productRef = 1BD063D92B9A550500E04558 /* FirebaseFunctionsCombine-Community */; };
		1BD063DC2B9A550500E04558 /* FirebaseInAppMessaging-Beta in Frameworks */ = {isa = PBXBuildFile; productRef = 1BD063DB2B9A550500E04558 /* FirebaseInAppMessaging-Beta */; };
		1BD063DE2B9A550500E04558 /* FirebaseInAppMessagingSwift-Beta in Frameworks */ = {isa = PBXBuildFile; productRef = 1BD063DD2B9A550500E04558 /* FirebaseInAppMessagingSwift-Beta */; };
		1BD063E02B9A550500E04558 /* FirebaseInstallations in Frameworks */ = {isa = PBXBuildFile; productRef = 1BD063DF2B9A550500E04558 /* FirebaseInstallations */; };
		1BD063E22B9A550500E04558 /* FirebaseMLModelDownloader in Frameworks */ = {isa = PBXBuildFile; productRef = 1BD063E12B9A550500E04558 /* FirebaseMLModelDownloader */; };
		1BD063E42B9A550500E04558 /* FirebaseMessaging in Frameworks */ = {isa = PBXBuildFile; productRef = 1BD063E32B9A550500E04558 /* FirebaseMessaging */; };
		1BD063E62B9A550500E04558 /* FirebasePerformance in Frameworks */ = {isa = PBXBuildFile; productRef = 1BD063E52B9A550500E04558 /* FirebasePerformance */; };
		1BD063E82B9A550500E04558 /* FirebaseRemoteConfig in Frameworks */ = {isa = PBXBuildFile; productRef = 1BD063E72B9A550500E04558 /* FirebaseRemoteConfig */; };
		1BD063EA2B9A550500E04558 /* FirebaseRemoteConfigSwift in Frameworks */ = {isa = PBXBuildFile; productRef = 1BD063E92B9A550500E04558 /* FirebaseRemoteConfigSwift */; };
		1BD063EC2B9A550500E04558 /* FirebaseStorage in Frameworks */ = {isa = PBXBuildFile; productRef = 1BD063EB2B9A550500E04558 /* FirebaseStorage */; };
		1BD063EE2B9A550500E04558 /* FirebaseStorageCombine-Community in Frameworks */ = {isa = PBXBuildFile; productRef = 1BD063ED2B9A550500E04558 /* FirebaseStorageCombine-Community */; };
		1BD630072B6A83AA009C769C /* AppDelegate.swift in Sources */ = {isa = PBXBuildFile; fileRef = 1BD630062B6A83AA009C769C /* AppDelegate.swift */; };
		1BD630092B6A83AA009C769C /* SceneDelegate.swift in Sources */ = {isa = PBXBuildFile; fileRef = 1BD630082B6A83AA009C769C /* SceneDelegate.swift */; };
		1BD6300B2B6A83AA009C769C /* LoginViewController.swift in Sources */ = {isa = PBXBuildFile; fileRef = 1BD6300A2B6A83AA009C769C /* LoginViewController.swift */; };
		1BD6300E2B6A83AA009C769C /* Main.storyboard in Resources */ = {isa = PBXBuildFile; fileRef = 1BD6300C2B6A83AA009C769C /* Main.storyboard */; };
		1BD630102B6A83AF009C769C /* Assets.xcassets in Resources */ = {isa = PBXBuildFile; fileRef = 1BD6300F2B6A83AF009C769C /* Assets.xcassets */; };
		1BD630132B6A83AF009C769C /* LaunchScreen.storyboard in Resources */ = {isa = PBXBuildFile; fileRef = 1BD630112B6A83AF009C769C /* LaunchScreen.storyboard */; };
		1BD6301E2B6A83AF009C769C /* EcoScore__final_version_Tests.swift in Sources */ = {isa = PBXBuildFile; fileRef = 1BD6301D2B6A83AF009C769C /* EcoScore__final_version_Tests.swift */; };
		1BD630282B6A83AF009C769C /* EcoScore__final_version_UITests.swift in Sources */ = {isa = PBXBuildFile; fileRef = 1BD630272B6A83AF009C769C /* EcoScore__final_version_UITests.swift */; };
		1BD6302A2B6A83AF009C769C /* EcoScore__final_version_UITestsLaunchTests.swift in Sources */ = {isa = PBXBuildFile; fileRef = 1BD630292B6A83AF009C769C /* EcoScore__final_version_UITestsLaunchTests.swift */; };
/* End PBXBuildFile section */

/* Begin PBXContainerItemProxy section */
		1BD6301A2B6A83AF009C769C /* PBXContainerItemProxy */ = {
			isa = PBXContainerItemProxy;
			containerPortal = 1BD62FFB2B6A83AA009C769C /* Project object */;
			proxyType = 1;
			remoteGlobalIDString = 1BD630022B6A83AA009C769C;
			remoteInfo = "EcoScore (final version)";
		};
		1BD630242B6A83AF009C769C /* PBXContainerItemProxy */ = {
			isa = PBXContainerItemProxy;
			containerPortal = 1BD62FFB2B6A83AA009C769C /* Project object */;
			proxyType = 1;
			remoteGlobalIDString = 1BD630022B6A83AA009C769C;
			remoteInfo = "EcoScore (final version)";
		};
/* End PBXContainerItemProxy section */

/* Begin PBXFileReference section */
		1B23C9D52B6D272C0038BFCA /* Kavoon-Regular.ttf */ = {isa = PBXFileReference; lastKnownFileType = file; path = "Kavoon-Regular.ttf"; sourceTree = "<group>"; };
		1B23C9D62B6D272C0038BFCA /* OFL.txt */ = {isa = PBXFileReference; fileEncoding = 4; lastKnownFileType = text; path = OFL.txt; sourceTree = "<group>"; };
		1B92EA932BADF54500F01E49 /* SignUpViewController.swift */ = {isa = PBXFileReference; lastKnownFileType = sourcecode.swift; path = SignUpViewController.swift; sourceTree = "<group>"; };
		1BCA44622BB1D2F600D46921 /* FYPViewController.swift */ = {isa = PBXFileReference; lastKnownFileType = sourcecode.swift; path = FYPViewController.swift; sourceTree = "<group>"; };
		1BD063B62B9A526000E04558 /* GoogleService-Info.plist */ = {isa = PBXFileReference; fileEncoding = 4; lastKnownFileType = text.plist.xml; path = "GoogleService-Info.plist"; sourceTree = "<group>"; };
		1BD063EF2B9A56CD00E04558 /* EcoScore (final version).entitlements */ = {isa = PBXFileReference; lastKnownFileType = text.plist.entitlements; path = "EcoScore (final version).entitlements"; sourceTree = "<group>"; };
		1BD630032B6A83AA009C769C /* EcoScore (final version).app */ = {isa = PBXFileReference; explicitFileType = wrapper.application; includeInIndex = 0; path = "EcoScore (final version).app"; sourceTree = BUILT_PRODUCTS_DIR; };
		1BD630062B6A83AA009C769C /* AppDelegate.swift */ = {isa = PBXFileReference; lastKnownFileType = sourcecode.swift; path = AppDelegate.swift; sourceTree = "<group>"; };
		1BD630082B6A83AA009C769C /* SceneDelegate.swift */ = {isa = PBXFileReference; lastKnownFileType = sourcecode.swift; path = SceneDelegate.swift; sourceTree = "<group>"; };
		1BD6300A2B6A83AA009C769C /* LoginViewController.swift */ = {isa = PBXFileReference; lastKnownFileType = sourcecode.swift; path = LoginViewController.swift; sourceTree = "<group>"; };
		1BD6300D2B6A83AA009C769C /* Base */ = {isa = PBXFileReference; lastKnownFileType = file.storyboard; name = Base; path = Base.lproj/Main.storyboard; sourceTree = "<group>"; };
		1BD6300F2B6A83AF009C769C /* Assets.xcassets */ = {isa = PBXFileReference; lastKnownFileType = folder.assetcatalog; path = Assets.xcassets; sourceTree = "<group>"; };
		1BD630122B6A83AF009C769C /* Base */ = {isa = PBXFileReference; lastKnownFileType = file.storyboard; name = Base; path = Base.lproj/LaunchScreen.storyboard; sourceTree = "<group>"; };
		1BD630142B6A83AF009C769C /* Info.plist */ = {isa = PBXFileReference; lastKnownFileType = text.plist.xml; path = Info.plist; sourceTree = "<group>"; };
		1BD630192B6A83AF009C769C /* EcoScore (final version)Tests.xctest */ = {isa = PBXFileReference; explicitFileType = wrapper.cfbundle; includeInIndex = 0; path = "EcoScore (final version)Tests.xctest"; sourceTree = BUILT_PRODUCTS_DIR; };
		1BD6301D2B6A83AF009C769C /* EcoScore__final_version_Tests.swift */ = {isa = PBXFileReference; lastKnownFileType = sourcecode.swift; path = EcoScore__final_version_Tests.swift; sourceTree = "<group>"; };
		1BD630232B6A83AF009C769C /* EcoScore (final version)UITests.xctest */ = {isa = PBXFileReference; explicitFileType = wrapper.cfbundle; includeInIndex = 0; path = "EcoScore (final version)UITests.xctest"; sourceTree = BUILT_PRODUCTS_DIR; };
		1BD630272B6A83AF009C769C /* EcoScore__final_version_UITests.swift */ = {isa = PBXFileReference; lastKnownFileType = sourcecode.swift; path = EcoScore__final_version_UITests.swift; sourceTree = "<group>"; };
		1BD630292B6A83AF009C769C /* EcoScore__final_version_UITestsLaunchTests.swift */ = {isa = PBXFileReference; lastKnownFileType = sourcecode.swift; path = EcoScore__final_version_UITestsLaunchTests.swift; sourceTree = "<group>"; };
/* End PBXFileReference section */

/* Begin PBXFrameworksBuildPhase section */
		1BD630002B6A83AA009C769C /* Frameworks */ = {
			isa = PBXFrameworksBuildPhase;
			buildActionMask = 2147483647;
			files = (
				1BD063CC2B9A550500E04558 /* FirebaseDatabase in Frameworks */,
				1BD063DA2B9A550500E04558 /* FirebaseFunctionsCombine-Community in Frameworks */,
				1BD063D22B9A550500E04558 /* FirebaseFirestore in Frameworks */,
				1BD063BE2B9A550500E04558 /* FirebaseAnalyticsSwift in Frameworks */,
				1BD063BA2B9A550500E04558 /* FirebaseAnalytics in Frameworks */,
				1BD063BC2B9A550500E04558 /* FirebaseAnalyticsOnDeviceConversion in Frameworks */,
				1BD063E22B9A550500E04558 /* FirebaseMLModelDownloader in Frameworks */,
				1BD063D62B9A550500E04558 /* FirebaseFirestoreSwift in Frameworks */,
				1BD063C22B9A550500E04558 /* FirebaseAppCheck in Frameworks */,
				1BD063C02B9A550500E04558 /* FirebaseAnalyticsWithoutAdIdSupport in Frameworks */,
				1BD063C62B9A550500E04558 /* FirebaseAuth in Frameworks */,
				1BD063CA2B9A550500E04558 /* FirebaseCrashlytics in Frameworks */,
				1BD063EA2B9A550500E04558 /* FirebaseRemoteConfigSwift in Frameworks */,
				1BD063DC2B9A550500E04558 /* FirebaseInAppMessaging-Beta in Frameworks */,
				1BD063CE2B9A550500E04558 /* FirebaseDatabaseSwift in Frameworks */,
				1BD063D82B9A550500E04558 /* FirebaseFunctions in Frameworks */,
				1BD063EE2B9A550500E04558 /* FirebaseStorageCombine-Community in Frameworks */,
				1BD063E82B9A550500E04558 /* FirebaseRemoteConfig in Frameworks */,
				1BD063C42B9A550500E04558 /* FirebaseAppDistribution-Beta in Frameworks */,
				1BD063C82B9A550500E04558 /* FirebaseAuthCombine-Community in Frameworks */,
				1BD063E62B9A550500E04558 /* FirebasePerformance in Frameworks */,
				1BD063DE2B9A550500E04558 /* FirebaseInAppMessagingSwift-Beta in Frameworks */,
				1BD063EC2B9A550500E04558 /* FirebaseStorage in Frameworks */,
				1BD063D02B9A550500E04558 /* FirebaseDynamicLinks in Frameworks */,
				1BD063D42B9A550500E04558 /* FirebaseFirestoreCombine-Community in Frameworks */,
				1BD063E42B9A550500E04558 /* FirebaseMessaging in Frameworks */,
				1BD063E02B9A550500E04558 /* FirebaseInstallations in Frameworks */,
			);
			runOnlyForDeploymentPostprocessing = 0;
		};
		1BD630162B6A83AF009C769C /* Frameworks */ = {
			isa = PBXFrameworksBuildPhase;
			buildActionMask = 2147483647;
			files = (
			);
			runOnlyForDeploymentPostprocessing = 0;
		};
		1BD630202B6A83AF009C769C /* Frameworks */ = {
			isa = PBXFrameworksBuildPhase;
			buildActionMask = 2147483647;
			files = (
			);
			runOnlyForDeploymentPostprocessing = 0;
		};
/* End PBXFrameworksBuildPhase section */

/* Begin PBXGroup section */
		1B23C9D42B6D272C0038BFCA /* Kavoon */ = {
			isa = PBXGroup;
			children = (
				1B23C9D52B6D272C0038BFCA /* Kavoon-Regular.ttf */,
				1B23C9D62B6D272C0038BFCA /* OFL.txt */,
			);
			path = Kavoon;
			sourceTree = "<group>";
		};
		1BD62FFA2B6A83AA009C769C = {
			isa = PBXGroup;
			children = (
				1BD630052B6A83AA009C769C /* EcoScore (final version) */,
				1BD6301C2B6A83AF009C769C /* EcoScore (final version)Tests */,
				1BD630262B6A83AF009C769C /* EcoScore (final version)UITests */,
				1BD630042B6A83AA009C769C /* Products */,
			);
			sourceTree = "<group>";
		};
		1BD630042B6A83AA009C769C /* Products */ = {
			isa = PBXGroup;
			children = (
				1BD630032B6A83AA009C769C /* EcoScore (final version).app */,
				1BD630192B6A83AF009C769C /* EcoScore (final version)Tests.xctest */,
				1BD630232B6A83AF009C769C /* EcoScore (final version)UITests.xctest */,
			);
			name = Products;
			sourceTree = "<group>";
		};
		1BD630052B6A83AA009C769C /* EcoScore (final version) */ = {
			isa = PBXGroup;
			children = (
				1BD063EF2B9A56CD00E04558 /* EcoScore (final version).entitlements */,
				1B23C9D42B6D272C0038BFCA /* Kavoon */,
				1BD630062B6A83AA009C769C /* AppDelegate.swift */,
				1BD630082B6A83AA009C769C /* SceneDelegate.swift */,
				1BD6300A2B6A83AA009C769C /* LoginViewController.swift */,
				1B92EA932BADF54500F01E49 /* SignUpViewController.swift */,
				1BCA44622BB1D2F600D46921 /* FYPViewController.swift */,
				1BD6300C2B6A83AA009C769C /* Main.storyboard */,
				1BD6300F2B6A83AF009C769C /* Assets.xcassets */,
				1BD630112B6A83AF009C769C /* LaunchScreen.storyboard */,
				1BD063B62B9A526000E04558 /* GoogleService-Info.plist */,
				1BD630142B6A83AF009C769C /* Info.plist */,
			);
			path = "EcoScore (final version)";
			sourceTree = "<group>";
		};
		1BD6301C2B6A83AF009C769C /* EcoScore (final version)Tests */ = {
			isa = PBXGroup;
			children = (
				1BD6301D2B6A83AF009C769C /* EcoScore__final_version_Tests.swift */,
			);
			path = "EcoScore (final version)Tests";
			sourceTree = "<group>";
		};
		1BD630262B6A83AF009C769C /* EcoScore (final version)UITests */ = {
			isa = PBXGroup;
			children = (
				1BD630272B6A83AF009C769C /* EcoScore__final_version_UITests.swift */,
				1BD630292B6A83AF009C769C /* EcoScore__final_version_UITestsLaunchTests.swift */,
			);
			path = "EcoScore (final version)UITests";
			sourceTree = "<group>";
		};
/* End PBXGroup section */

/* Begin PBXNativeTarget section */
		1BD630022B6A83AA009C769C /* EcoScore (final version) */ = {
			isa = PBXNativeTarget;
			buildConfigurationList = 1BD6302D2B6A83AF009C769C /* Build configuration list for PBXNativeTarget "EcoScore (final version)" */;
			buildPhases = (
				1BD62FFF2B6A83AA009C769C /* Sources */,
				1BD630002B6A83AA009C769C /* Frameworks */,
				1BD630012B6A83AA009C769C /* Resources */,
			);
			buildRules = (
			);
			dependencies = (
			);
			name = "EcoScore (final version)";
			packageProductDependencies = (
				1BD063B92B9A550500E04558 /* FirebaseAnalytics */,
				1BD063BB2B9A550500E04558 /* FirebaseAnalyticsOnDeviceConversion */,
				1BD063BD2B9A550500E04558 /* FirebaseAnalyticsSwift */,
				1BD063BF2B9A550500E04558 /* FirebaseAnalyticsWithoutAdIdSupport */,
				1BD063C12B9A550500E04558 /* FirebaseAppCheck */,
				1BD063C32B9A550500E04558 /* FirebaseAppDistribution-Beta */,
				1BD063C52B9A550500E04558 /* FirebaseAuth */,
				1BD063C72B9A550500E04558 /* FirebaseAuthCombine-Community */,
				1BD063C92B9A550500E04558 /* FirebaseCrashlytics */,
				1BD063CB2B9A550500E04558 /* FirebaseDatabase */,
				1BD063CD2B9A550500E04558 /* FirebaseDatabaseSwift */,
				1BD063CF2B9A550500E04558 /* FirebaseDynamicLinks */,
				1BD063D12B9A550500E04558 /* FirebaseFirestore */,
				1BD063D32B9A550500E04558 /* FirebaseFirestoreCombine-Community */,
				1BD063D52B9A550500E04558 /* FirebaseFirestoreSwift */,
				1BD063D72B9A550500E04558 /* FirebaseFunctions */,
				1BD063D92B9A550500E04558 /* FirebaseFunctionsCombine-Community */,
				1BD063DB2B9A550500E04558 /* FirebaseInAppMessaging-Beta */,
				1BD063DD2B9A550500E04558 /* FirebaseInAppMessagingSwift-Beta */,
				1BD063DF2B9A550500E04558 /* FirebaseInstallations */,
				1BD063E12B9A550500E04558 /* FirebaseMLModelDownloader */,
				1BD063E32B9A550500E04558 /* FirebaseMessaging */,
				1BD063E52B9A550500E04558 /* FirebasePerformance */,
				1BD063E72B9A550500E04558 /* FirebaseRemoteConfig */,
				1BD063E92B9A550500E04558 /* FirebaseRemoteConfigSwift */,
				1BD063EB2B9A550500E04558 /* FirebaseStorage */,
				1BD063ED2B9A550500E04558 /* FirebaseStorageCombine-Community */,
			);
			productName = "EcoScore (final version)";
			productReference = 1BD630032B6A83AA009C769C /* EcoScore (final version).app */;
			productType = "com.apple.product-type.application";
		};
		1BD630182B6A83AF009C769C /* EcoScore (final version)Tests */ = {
			isa = PBXNativeTarget;
			buildConfigurationList = 1BD630302B6A83AF009C769C /* Build configuration list for PBXNativeTarget "EcoScore (final version)Tests" */;
			buildPhases = (
				1BD630152B6A83AF009C769C /* Sources */,
				1BD630162B6A83AF009C769C /* Frameworks */,
				1BD630172B6A83AF009C769C /* Resources */,
			);
			buildRules = (
			);
			dependencies = (
				1BD6301B2B6A83AF009C769C /* PBXTargetDependency */,
			);
			name = "EcoScore (final version)Tests";
			productName = "EcoScore (final version)Tests";
			productReference = 1BD630192B6A83AF009C769C /* EcoScore (final version)Tests.xctest */;
			productType = "com.apple.product-type.bundle.unit-test";
		};
		1BD630222B6A83AF009C769C /* EcoScore (final version)UITests */ = {
			isa = PBXNativeTarget;
			buildConfigurationList = 1BD630332B6A83AF009C769C /* Build configuration list for PBXNativeTarget "EcoScore (final version)UITests" */;
			buildPhases = (
				1BD6301F2B6A83AF009C769C /* Sources */,
				1BD630202B6A83AF009C769C /* Frameworks */,
				1BD630212B6A83AF009C769C /* Resources */,
			);
			buildRules = (
			);
			dependencies = (
				1BD630252B6A83AF009C769C /* PBXTargetDependency */,
			);
			name = "EcoScore (final version)UITests";
			productName = "EcoScore (final version)UITests";
			productReference = 1BD630232B6A83AF009C769C /* EcoScore (final version)UITests.xctest */;
			productType = "com.apple.product-type.bundle.ui-testing";
		};
/* End PBXNativeTarget section */

/* Begin PBXProject section */
		1BD62FFB2B6A83AA009C769C /* Project object */ = {
			isa = PBXProject;
			attributes = {
				BuildIndependentTargetsInParallel = 1;
				LastSwiftUpdateCheck = 1520;
				LastUpgradeCheck = 1520;
				TargetAttributes = {
					1BD630022B6A83AA009C769C = {
						CreatedOnToolsVersion = 15.2;
					};
					1BD630182B6A83AF009C769C = {
						CreatedOnToolsVersion = 15.2;
						TestTargetID = 1BD630022B6A83AA009C769C;
					};
					1BD630222B6A83AF009C769C = {
						CreatedOnToolsVersion = 15.2;
						TestTargetID = 1BD630022B6A83AA009C769C;
					};
				};
			};
			buildConfigurationList = 1BD62FFE2B6A83AA009C769C /* Build configuration list for PBXProject "EcoScore (final version)" */;
			compatibilityVersion = "Xcode 14.0";
			developmentRegion = en;
			hasScannedForEncodings = 0;
			knownRegions = (
				en,
				Base,
			);
			mainGroup = 1BD62FFA2B6A83AA009C769C;
			packageReferences = (
				1BD063B82B9A550500E04558 /* XCRemoteSwiftPackageReference "firebase-ios-sdk" */,
			);
			productRefGroup = 1BD630042B6A83AA009C769C /* Products */;
			projectDirPath = "";
			projectRoot = "";
			targets = (
				1BD630022B6A83AA009C769C /* EcoScore (final version) */,
				1BD630182B6A83AF009C769C /* EcoScore (final version)Tests */,
				1BD630222B6A83AF009C769C /* EcoScore (final version)UITests */,
			);
		};
/* End PBXProject section */

/* Begin PBXResourcesBuildPhase section */
		1BD630012B6A83AA009C769C /* Resources */ = {
			isa = PBXResourcesBuildPhase;
			buildActionMask = 2147483647;
			files = (
				1B23C9D82B6D272C0038BFCA /* OFL.txt in Resources */,
				1BD630132B6A83AF009C769C /* LaunchScreen.storyboard in Resources */,
				1BD630102B6A83AF009C769C /* Assets.xcassets in Resources */,
				1BD6300E2B6A83AA009C769C /* Main.storyboard in Resources */,
				1B23C9D72B6D272C0038BFCA /* Kavoon-Regular.ttf in Resources */,
				1BD063B72B9A526000E04558 /* GoogleService-Info.plist in Resources */,
			);
			runOnlyForDeploymentPostprocessing = 0;
		};
		1BD630172B6A83AF009C769C /* Resources */ = {
			isa = PBXResourcesBuildPhase;
			buildActionMask = 2147483647;
			files = (
			);
			runOnlyForDeploymentPostprocessing = 0;
		};
		1BD630212B6A83AF009C769C /* Resources */ = {
			isa = PBXResourcesBuildPhase;
			buildActionMask = 2147483647;
			files = (
			);
			runOnlyForDeploymentPostprocessing = 0;
		};
/* End PBXResourcesBuildPhase section */

/* Begin PBXSourcesBuildPhase section */
		1BD62FFF2B6A83AA009C769C /* Sources */ = {
			isa = PBXSourcesBuildPhase;
			buildActionMask = 2147483647;
			files = (
				1BCA44632BB1D2F600D46921 /* FYPViewController.swift in Sources */,
				1BD6300B2B6A83AA009C769C /* LoginViewController.swift in Sources */,
				1BD630072B6A83AA009C769C /* AppDelegate.swift in Sources */,
				1B92EA942BADF54500F01E49 /* SignUpViewController.swift in Sources */,
				1BD630092B6A83AA009C769C /* SceneDelegate.swift in Sources */,
			);
			runOnlyForDeploymentPostprocessing = 0;
		};
		1BD630152B6A83AF009C769C /* Sources */ = {
			isa = PBXSourcesBuildPhase;
			buildActionMask = 2147483647;
			files = (
				1BD6301E2B6A83AF009C769C /* EcoScore__final_version_Tests.swift in Sources */,
			);
			runOnlyForDeploymentPostprocessing = 0;
		};
		1BD6301F2B6A83AF009C769C /* Sources */ = {
			isa = PBXSourcesBuildPhase;
			buildActionMask = 2147483647;
			files = (
				1BD630282B6A83AF009C769C /* EcoScore__final_version_UITests.swift in Sources */,
				1BD6302A2B6A83AF009C769C /* EcoScore__final_version_UITestsLaunchTests.swift in Sources */,
			);
			runOnlyForDeploymentPostprocessing = 0;
		};
/* End PBXSourcesBuildPhase section */

/* Begin PBXTargetDependency section */
		1BD6301B2B6A83AF009C769C /* PBXTargetDependency */ = {
			isa = PBXTargetDependency;
			target = 1BD630022B6A83AA009C769C /* EcoScore (final version) */;
			targetProxy = 1BD6301A2B6A83AF009C769C /* PBXContainerItemProxy */;
		};
		1BD630252B6A83AF009C769C /* PBXTargetDependency */ = {
			isa = PBXTargetDependency;
			target = 1BD630022B6A83AA009C769C /* EcoScore (final version) */;
			targetProxy = 1BD630242B6A83AF009C769C /* PBXContainerItemProxy */;
		};
/* End PBXTargetDependency section */

/* Begin PBXVariantGroup section */
		1BD6300C2B6A83AA009C769C /* Main.storyboard */ = {
			isa = PBXVariantGroup;
			children = (
				1BD6300D2B6A83AA009C769C /* Base */,
			);
			name = Main.storyboard;
			sourceTree = "<group>";
		};
		1BD630112B6A83AF009C769C /* LaunchScreen.storyboard */ = {
			isa = PBXVariantGroup;
			children = (
				1BD630122B6A83AF009C769C /* Base */,
			);
			name = LaunchScreen.storyboard;
			sourceTree = "<group>";
		};
/* End PBXVariantGroup section */

/* Begin XCBuildConfiguration section */
		1BD6302B2B6A83AF009C769C /* Debug */ = {
			isa = XCBuildConfiguration;
			buildSettings = {
				ALWAYS_SEARCH_USER_PATHS = NO;
				ASSETCATALOG_COMPILER_GENERATE_SWIFT_ASSET_SYMBOL_EXTENSIONS = YES;
				CLANG_ANALYZER_NONNULL = YES;
				CLANG_ANALYZER_NUMBER_OBJECT_CONVERSION = YES_AGGRESSIVE;
				CLANG_CXX_LANGUAGE_STANDARD = "gnu++20";
				CLANG_ENABLE_MODULES = YES;
				CLANG_ENABLE_OBJC_ARC = YES;
				CLANG_ENABLE_OBJC_WEAK = YES;
				CLANG_WARN_BLOCK_CAPTURE_AUTORELEASING = YES;
				CLANG_WARN_BOOL_CONVERSION = YES;
				CLANG_WARN_COMMA = YES;
				CLANG_WARN_CONSTANT_CONVERSION = YES;
				CLANG_WARN_DEPRECATED_OBJC_IMPLEMENTATIONS = YES;
				CLANG_WARN_DIRECT_OBJC_ISA_USAGE = YES_ERROR;
				CLANG_WARN_DOCUMENTATION_COMMENTS = YES;
				CLANG_WARN_EMPTY_BODY = YES;
				CLANG_WARN_ENUM_CONVERSION = YES;
				CLANG_WARN_INFINITE_RECURSION = YES;
				CLANG_WARN_INT_CONVERSION = YES;
				CLANG_WARN_NON_LITERAL_NULL_CONVERSION = YES;
				CLANG_WARN_OBJC_IMPLICIT_RETAIN_SELF = YES;
				CLANG_WARN_OBJC_LITERAL_CONVERSION = YES;
				CLANG_WARN_OBJC_ROOT_CLASS = YES_ERROR;
				CLANG_WARN_QUOTED_INCLUDE_IN_FRAMEWORK_HEADER = YES;
				CLANG_WARN_RANGE_LOOP_ANALYSIS = YES;
				CLANG_WARN_STRICT_PROTOTYPES = YES;
				CLANG_WARN_SUSPICIOUS_MOVE = YES;
				CLANG_WARN_UNGUARDED_AVAILABILITY = YES_AGGRESSIVE;
				CLANG_WARN_UNREACHABLE_CODE = YES;
				CLANG_WARN__DUPLICATE_METHOD_MATCH = YES;
				COPY_PHASE_STRIP = NO;
				DEBUG_INFORMATION_FORMAT = dwarf;
				ENABLE_STRICT_OBJC_MSGSEND = YES;
				ENABLE_TESTABILITY = YES;
				ENABLE_USER_SCRIPT_SANDBOXING = YES;
				GCC_C_LANGUAGE_STANDARD = gnu17;
				GCC_DYNAMIC_NO_PIC = NO;
				GCC_NO_COMMON_BLOCKS = YES;
				GCC_OPTIMIZATION_LEVEL = 0;
				GCC_PREPROCESSOR_DEFINITIONS = (
					"DEBUG=1",
					"$(inherited)",
				);
				GCC_WARN_64_TO_32_BIT_CONVERSION = YES;
				GCC_WARN_ABOUT_RETURN_TYPE = YES_ERROR;
				GCC_WARN_UNDECLARED_SELECTOR = YES;
				GCC_WARN_UNINITIALIZED_AUTOS = YES_AGGRESSIVE;
				GCC_WARN_UNUSED_FUNCTION = YES;
				GCC_WARN_UNUSED_VARIABLE = YES;
				IPHONEOS_DEPLOYMENT_TARGET = 17.2;
				LOCALIZATION_PREFERS_STRING_CATALOGS = YES;
				MTL_ENABLE_DEBUG_INFO = INCLUDE_SOURCE;
				MTL_FAST_MATH = YES;
				ONLY_ACTIVE_ARCH = YES;
				SDKROOT = iphoneos;
				SWIFT_ACTIVE_COMPILATION_CONDITIONS = "DEBUG $(inherited)";
				SWIFT_OPTIMIZATION_LEVEL = "-Onone";
			};
			name = Debug;
		};
		1BD6302C2B6A83AF009C769C /* Release */ = {
			isa = XCBuildConfiguration;
			buildSettings = {
				ALWAYS_SEARCH_USER_PATHS = NO;
				ASSETCATALOG_COMPILER_GENERATE_SWIFT_ASSET_SYMBOL_EXTENSIONS = YES;
				CLANG_ANALYZER_NONNULL = YES;
				CLANG_ANALYZER_NUMBER_OBJECT_CONVERSION = YES_AGGRESSIVE;
				CLANG_CXX_LANGUAGE_STANDARD = "gnu++20";
				CLANG_ENABLE_MODULES = YES;
				CLANG_ENABLE_OBJC_ARC = YES;
				CLANG_ENABLE_OBJC_WEAK = YES;
				CLANG_WARN_BLOCK_CAPTURE_AUTORELEASING = YES;
				CLANG_WARN_BOOL_CONVERSION = YES;
				CLANG_WARN_COMMA = YES;
				CLANG_WARN_CONSTANT_CONVERSION = YES;
				CLANG_WARN_DEPRECATED_OBJC_IMPLEMENTATIONS = YES;
				CLANG_WARN_DIRECT_OBJC_ISA_USAGE = YES_ERROR;
				CLANG_WARN_DOCUMENTATION_COMMENTS = YES;
				CLANG_WARN_EMPTY_BODY = YES;
				CLANG_WARN_ENUM_CONVERSION = YES;
				CLANG_WARN_INFINITE_RECURSION = YES;
				CLANG_WARN_INT_CONVERSION = YES;
				CLANG_WARN_NON_LITERAL_NULL_CONVERSION = YES;
				CLANG_WARN_OBJC_IMPLICIT_RETAIN_SELF = YES;
				CLANG_WARN_OBJC_LITERAL_CONVERSION = YES;
				CLANG_WARN_OBJC_ROOT_CLASS = YES_ERROR;
				CLANG_WARN_QUOTED_INCLUDE_IN_FRAMEWORK_HEADER = YES;
				CLANG_WARN_RANGE_LOOP_ANALYSIS = YES;
				CLANG_WARN_STRICT_PROTOTYPES = YES;
				CLANG_WARN_SUSPICIOUS_MOVE = YES;
				CLANG_WARN_UNGUARDED_AVAILABILITY = YES_AGGRESSIVE;
				CLANG_WARN_UNREACHABLE_CODE = YES;
				CLANG_WARN__DUPLICATE_METHOD_MATCH = YES;
				COPY_PHASE_STRIP = NO;
				DEBUG_INFORMATION_FORMAT = "dwarf-with-dsym";
				ENABLE_NS_ASSERTIONS = NO;
				ENABLE_STRICT_OBJC_MSGSEND = YES;
				ENABLE_USER_SCRIPT_SANDBOXING = YES;
				GCC_C_LANGUAGE_STANDARD = gnu17;
				GCC_NO_COMMON_BLOCKS = YES;
				GCC_WARN_64_TO_32_BIT_CONVERSION = YES;
				GCC_WARN_ABOUT_RETURN_TYPE = YES_ERROR;
				GCC_WARN_UNDECLARED_SELECTOR = YES;
				GCC_WARN_UNINITIALIZED_AUTOS = YES_AGGRESSIVE;
				GCC_WARN_UNUSED_FUNCTION = YES;
				GCC_WARN_UNUSED_VARIABLE = YES;
				IPHONEOS_DEPLOYMENT_TARGET = 17.2;
				LOCALIZATION_PREFERS_STRING_CATALOGS = YES;
				MTL_ENABLE_DEBUG_INFO = NO;
				MTL_FAST_MATH = YES;
				SDKROOT = iphoneos;
				SWIFT_COMPILATION_MODE = wholemodule;
				VALIDATE_PRODUCT = YES;
			};
			name = Release;
		};
		1BD6302E2B6A83AF009C769C /* Debug */ = {
			isa = XCBuildConfiguration;
			buildSettings = {
				ASSETCATALOG_COMPILER_APPICON_NAME = AppIcon;
				ASSETCATALOG_COMPILER_GLOBAL_ACCENT_COLOR_NAME = AccentColor;
				CODE_SIGN_ENTITLEMENTS = "EcoScore (final version)/EcoScore (final version).entitlements";
				CODE_SIGN_STYLE = Automatic;
				CURRENT_PROJECT_VERSION = 1;
				DEVELOPMENT_TEAM = RL3GKAUAC6;
				GENERATE_INFOPLIST_FILE = YES;
				INFOPLIST_FILE = "EcoScore (final version)/Info.plist";
				INFOPLIST_KEY_UIApplicationSupportsIndirectInputEvents = YES;
				INFOPLIST_KEY_UILaunchStoryboardName = LaunchScreen;
				INFOPLIST_KEY_UIMainStoryboardFile = Main;
				INFOPLIST_KEY_UISupportedInterfaceOrientations_iPad = "UIInterfaceOrientationPortrait UIInterfaceOrientationPortraitUpsideDown UIInterfaceOrientationLandscapeLeft UIInterfaceOrientationLandscapeRight";
				INFOPLIST_KEY_UISupportedInterfaceOrientations_iPhone = "UIInterfaceOrientationPortrait UIInterfaceOrientationLandscapeLeft UIInterfaceOrientationLandscapeRight";
				LD_RUNPATH_SEARCH_PATHS = (
					"$(inherited)",
					"@executable_path/Frameworks",
				);
				MARKETING_VERSION = 1.0;
				PRODUCT_BUNDLE_IDENTIFIER = "com.biggy.EcoScore--final-version-";
				PRODUCT_NAME = "$(TARGET_NAME)";
				SWIFT_EMIT_LOC_STRINGS = YES;
				SWIFT_VERSION = 5.0;
				TARGETED_DEVICE_FAMILY = "1,2";
			};
			name = Debug;
		};
		1BD6302F2B6A83AF009C769C /* Release */ = {
			isa = XCBuildConfiguration;
			buildSettings = {
				ASSETCATALOG_COMPILER_APPICON_NAME = AppIcon;
				ASSETCATALOG_COMPILER_GLOBAL_ACCENT_COLOR_NAME = AccentColor;
				CODE_SIGN_ENTITLEMENTS = "EcoScore (final version)/EcoScore (final version).entitlements";
				CODE_SIGN_STYLE = Automatic;
				CURRENT_PROJECT_VERSION = 1;
				DEVELOPMENT_TEAM = RL3GKAUAC6;
				GENERATE_INFOPLIST_FILE = YES;
				INFOPLIST_FILE = "EcoScore (final version)/Info.plist";
				INFOPLIST_KEY_UIApplicationSupportsIndirectInputEvents = YES;
				INFOPLIST_KEY_UILaunchStoryboardName = LaunchScreen;
				INFOPLIST_KEY_UIMainStoryboardFile = Main;
				INFOPLIST_KEY_UISupportedInterfaceOrientations_iPad = "UIInterfaceOrientationPortrait UIInterfaceOrientationPortraitUpsideDown UIInterfaceOrientationLandscapeLeft UIInterfaceOrientationLandscapeRight";
				INFOPLIST_KEY_UISupportedInterfaceOrientations_iPhone = "UIInterfaceOrientationPortrait UIInterfaceOrientationLandscapeLeft UIInterfaceOrientationLandscapeRight";
				LD_RUNPATH_SEARCH_PATHS = (
					"$(inherited)",
					"@executable_path/Frameworks",
				);
				MARKETING_VERSION = 1.0;
				PRODUCT_BUNDLE_IDENTIFIER = "com.biggy.EcoScore--final-version-";
				PRODUCT_NAME = "$(TARGET_NAME)";
				SWIFT_EMIT_LOC_STRINGS = YES;
				SWIFT_VERSION = 5.0;
				TARGETED_DEVICE_FAMILY = "1,2";
			};
			name = Release;
		};
		1BD630312B6A83AF009C769C /* Debug */ = {
			isa = XCBuildConfiguration;
			buildSettings = {
				ALWAYS_EMBED_SWIFT_STANDARD_LIBRARIES = YES;
				BUNDLE_LOADER = "$(TEST_HOST)";
				CODE_SIGN_STYLE = Automatic;
				CURRENT_PROJECT_VERSION = 1;
				GENERATE_INFOPLIST_FILE = YES;
				IPHONEOS_DEPLOYMENT_TARGET = 17.2;
				MARKETING_VERSION = 1.0;
				PRODUCT_BUNDLE_IDENTIFIER = "com.biggy.EcoScore--final-version-Tests";
				PRODUCT_NAME = "$(TARGET_NAME)";
				SWIFT_EMIT_LOC_STRINGS = NO;
				SWIFT_VERSION = 5.0;
				TARGETED_DEVICE_FAMILY = "1,2";
				TEST_HOST = "$(BUILT_PRODUCTS_DIR)/EcoScore (final version).app/$(BUNDLE_EXECUTABLE_FOLDER_PATH)/EcoScore (final version)";
			};
			name = Debug;
		};
		1BD630322B6A83AF009C769C /* Release */ = {
			isa = XCBuildConfiguration;
			buildSettings = {
				ALWAYS_EMBED_SWIFT_STANDARD_LIBRARIES = YES;
				BUNDLE_LOADER = "$(TEST_HOST)";
				CODE_SIGN_STYLE = Automatic;
				CURRENT_PROJECT_VERSION = 1;
				GENERATE_INFOPLIST_FILE = YES;
				IPHONEOS_DEPLOYMENT_TARGET = 17.2;
				MARKETING_VERSION = 1.0;
				PRODUCT_BUNDLE_IDENTIFIER = "com.biggy.EcoScore--final-version-Tests";
				PRODUCT_NAME = "$(TARGET_NAME)";
				SWIFT_EMIT_LOC_STRINGS = NO;
				SWIFT_VERSION = 5.0;
				TARGETED_DEVICE_FAMILY = "1,2";
				TEST_HOST = "$(BUILT_PRODUCTS_DIR)/EcoScore (final version).app/$(BUNDLE_EXECUTABLE_FOLDER_PATH)/EcoScore (final version)";
			};
			name = Release;
		};
		1BD630342B6A83AF009C769C /* Debug */ = {
			isa = XCBuildConfiguration;
			buildSettings = {
				ALWAYS_EMBED_SWIFT_STANDARD_LIBRARIES = YES;
				CODE_SIGN_STYLE = Automatic;
				CURRENT_PROJECT_VERSION = 1;
				GENERATE_INFOPLIST_FILE = YES;
				MARKETING_VERSION = 1.0;
				PRODUCT_BUNDLE_IDENTIFIER = "com.biggy.EcoScore--final-version-UITests";
				PRODUCT_NAME = "$(TARGET_NAME)";
				SWIFT_EMIT_LOC_STRINGS = NO;
				SWIFT_VERSION = 5.0;
				TARGETED_DEVICE_FAMILY = "1,2";
				TEST_TARGET_NAME = "EcoScore (final version)";
			};
			name = Debug;
		};
		1BD630352B6A83AF009C769C /* Release */ = {
			isa = XCBuildConfiguration;
			buildSettings = {
				ALWAYS_EMBED_SWIFT_STANDARD_LIBRARIES = YES;
				CODE_SIGN_STYLE = Automatic;
				CURRENT_PROJECT_VERSION = 1;
				GENERATE_INFOPLIST_FILE = YES;
				MARKETING_VERSION = 1.0;
				PRODUCT_BUNDLE_IDENTIFIER = "com.biggy.EcoScore--final-version-UITests";
				PRODUCT_NAME = "$(TARGET_NAME)";
				SWIFT_EMIT_LOC_STRINGS = NO;
				SWIFT_VERSION = 5.0;
				TARGETED_DEVICE_FAMILY = "1,2";
				TEST_TARGET_NAME = "EcoScore (final version)";
			};
			name = Release;
		};
/* End XCBuildConfiguration section */

/* Begin XCConfigurationList section */
		1BD62FFE2B6A83AA009C769C /* Build configuration list for PBXProject "EcoScore (final version)" */ = {
			isa = XCConfigurationList;
			buildConfigurations = (
				1BD6302B2B6A83AF009C769C /* Debug */,
				1BD6302C2B6A83AF009C769C /* Release */,
			);
			defaultConfigurationIsVisible = 0;
			defaultConfigurationName = Release;
		};
		1BD6302D2B6A83AF009C769C /* Build configuration list for PBXNativeTarget "EcoScore (final version)" */ = {
			isa = XCConfigurationList;
			buildConfigurations = (
				1BD6302E2B6A83AF009C769C /* Debug */,
				1BD6302F2B6A83AF009C769C /* Release */,
			);
			defaultConfigurationIsVisible = 0;
			defaultConfigurationName = Release;
		};
		1BD630302B6A83AF009C769C /* Build configuration list for PBXNativeTarget "EcoScore (final version)Tests" */ = {
			isa = XCConfigurationList;
			buildConfigurations = (
				1BD630312B6A83AF009C769C /* Debug */,
				1BD630322B6A83AF009C769C /* Release */,
			);
			defaultConfigurationIsVisible = 0;
			defaultConfigurationName = Release;
		};
		1BD630332B6A83AF009C769C /* Build configuration list for PBXNativeTarget "EcoScore (final version)UITests" */ = {
			isa = XCConfigurationList;
			buildConfigurations = (
				1BD630342B6A83AF009C769C /* Debug */,
				1BD630352B6A83AF009C769C /* Release */,
			);
			defaultConfigurationIsVisible = 0;
			defaultConfigurationName = Release;
		};
/* End XCConfigurationList section */

/* Begin XCRemoteSwiftPackageReference section */
		1BD063B82B9A550500E04558 /* XCRemoteSwiftPackageReference "firebase-ios-sdk" */ = {
			isa = XCRemoteSwiftPackageReference;
			repositoryURL = "https://github.com/firebase/firebase-ios-sdk";
			requirement = {
				kind = upToNextMajorVersion;
				minimumVersion = 10.22.1;
			};
		};
/* End XCRemoteSwiftPackageReference section */

/* Begin XCSwiftPackageProductDependency section */
		1BD063B92B9A550500E04558 /* FirebaseAnalytics */ = {
			isa = XCSwiftPackageProductDependency;
			package = 1BD063B82B9A550500E04558 /* XCRemoteSwiftPackageReference "firebase-ios-sdk" */;
			productName = FirebaseAnalytics;
		};
		1BD063BB2B9A550500E04558 /* FirebaseAnalyticsOnDeviceConversion */ = {
			isa = XCSwiftPackageProductDependency;
			package = 1BD063B82B9A550500E04558 /* XCRemoteSwiftPackageReference "firebase-ios-sdk" */;
			productName = FirebaseAnalyticsOnDeviceConversion;
		};
		1BD063BD2B9A550500E04558 /* FirebaseAnalyticsSwift */ = {
			isa = XCSwiftPackageProductDependency;
			package = 1BD063B82B9A550500E04558 /* XCRemoteSwiftPackageReference "firebase-ios-sdk" */;
			productName = FirebaseAnalyticsSwift;
		};
		1BD063BF2B9A550500E04558 /* FirebaseAnalyticsWithoutAdIdSupport */ = {
			isa = XCSwiftPackageProductDependency;
			package = 1BD063B82B9A550500E04558 /* XCRemoteSwiftPackageReference "firebase-ios-sdk" */;
			productName = FirebaseAnalyticsWithoutAdIdSupport;
		};
		1BD063C12B9A550500E04558 /* FirebaseAppCheck */ = {
			isa = XCSwiftPackageProductDependency;
			package = 1BD063B82B9A550500E04558 /* XCRemoteSwiftPackageReference "firebase-ios-sdk" */;
			productName = FirebaseAppCheck;
		};
		1BD063C32B9A550500E04558 /* FirebaseAppDistribution-Beta */ = {
			isa = XCSwiftPackageProductDependency;
			package = 1BD063B82B9A550500E04558 /* XCRemoteSwiftPackageReference "firebase-ios-sdk" */;
			productName = "FirebaseAppDistribution-Beta";
		};
		1BD063C52B9A550500E04558 /* FirebaseAuth */ = {
			isa = XCSwiftPackageProductDependency;
			package = 1BD063B82B9A550500E04558 /* XCRemoteSwiftPackageReference "firebase-ios-sdk" */;
			productName = FirebaseAuth;
		};
		1BD063C72B9A550500E04558 /* FirebaseAuthCombine-Community */ = {
			isa = XCSwiftPackageProductDependency;
			package = 1BD063B82B9A550500E04558 /* XCRemoteSwiftPackageReference "firebase-ios-sdk" */;
			productName = "FirebaseAuthCombine-Community";
		};
		1BD063C92B9A550500E04558 /* FirebaseCrashlytics */ = {
			isa = XCSwiftPackageProductDependency;
			package = 1BD063B82B9A550500E04558 /* XCRemoteSwiftPackageReference "firebase-ios-sdk" */;
			productName = FirebaseCrashlytics;
		};
		1BD063CB2B9A550500E04558 /* FirebaseDatabase */ = {
			isa = XCSwiftPackageProductDependency;
			package = 1BD063B82B9A550500E04558 /* XCRemoteSwiftPackageReference "firebase-ios-sdk" */;
			productName = FirebaseDatabase;
		};
		1BD063CD2B9A550500E04558 /* FirebaseDatabaseSwift */ = {
			isa = XCSwiftPackageProductDependency;
			package = 1BD063B82B9A550500E04558 /* XCRemoteSwiftPackageReference "firebase-ios-sdk" */;
			productName = FirebaseDatabaseSwift;
		};
		1BD063CF2B9A550500E04558 /* FirebaseDynamicLinks */ = {
			isa = XCSwiftPackageProductDependency;
			package = 1BD063B82B9A550500E04558 /* XCRemoteSwiftPackageReference "firebase-ios-sdk" */;
			productName = FirebaseDynamicLinks;
		};
		1BD063D12B9A550500E04558 /* FirebaseFirestore */ = {
			isa = XCSwiftPackageProductDependency;
			package = 1BD063B82B9A550500E04558 /* XCRemoteSwiftPackageReference "firebase-ios-sdk" */;
			productName = FirebaseFirestore;
		};
		1BD063D32B9A550500E04558 /* FirebaseFirestoreCombine-Community */ = {
			isa = XCSwiftPackageProductDependency;
			package = 1BD063B82B9A550500E04558 /* XCRemoteSwiftPackageReference "firebase-ios-sdk" */;
			productName = "FirebaseFirestoreCombine-Community";
		};
		1BD063D52B9A550500E04558 /* FirebaseFirestoreSwift */ = {
			isa = XCSwiftPackageProductDependency;
			package = 1BD063B82B9A550500E04558 /* XCRemoteSwiftPackageReference "firebase-ios-sdk" */;
			productName = FirebaseFirestoreSwift;
		};
		1BD063D72B9A550500E04558 /* FirebaseFunctions */ = {
			isa = XCSwiftPackageProductDependency;
			package = 1BD063B82B9A550500E04558 /* XCRemoteSwiftPackageReference "firebase-ios-sdk" */;
			productName = FirebaseFunctions;
		};
		1BD063D92B9A550500E04558 /* FirebaseFunctionsCombine-Community */ = {
			isa = XCSwiftPackageProductDependency;
			package = 1BD063B82B9A550500E04558 /* XCRemoteSwiftPackageReference "firebase-ios-sdk" */;
			productName = "FirebaseFunctionsCombine-Community";
		};
		1BD063DB2B9A550500E04558 /* FirebaseInAppMessaging-Beta */ = {
			isa = XCSwiftPackageProductDependency;
			package = 1BD063B82B9A550500E04558 /* XCRemoteSwiftPackageReference "firebase-ios-sdk" */;
			productName = "FirebaseInAppMessaging-Beta";
		};
		1BD063DD2B9A550500E04558 /* FirebaseInAppMessagingSwift-Beta */ = {
			isa = XCSwiftPackageProductDependency;
			package = 1BD063B82B9A550500E04558 /* XCRemoteSwiftPackageReference "firebase-ios-sdk" */;
			productName = "FirebaseInAppMessagingSwift-Beta";
		};
		1BD063DF2B9A550500E04558 /* FirebaseInstallations */ = {
			isa = XCSwiftPackageProductDependency;
			package = 1BD063B82B9A550500E04558 /* XCRemoteSwiftPackageReference "firebase-ios-sdk" */;
			productName = FirebaseInstallations;
		};
		1BD063E12B9A550500E04558 /* FirebaseMLModelDownloader */ = {
			isa = XCSwiftPackageProductDependency;
			package = 1BD063B82B9A550500E04558 /* XCRemoteSwiftPackageReference "firebase-ios-sdk" */;
			productName = FirebaseMLModelDownloader;
		};
		1BD063E32B9A550500E04558 /* FirebaseMessaging */ = {
			isa = XCSwiftPackageProductDependency;
			package = 1BD063B82B9A550500E04558 /* XCRemoteSwiftPackageReference "firebase-ios-sdk" */;
			productName = FirebaseMessaging;
		};
		1BD063E52B9A550500E04558 /* FirebasePerformance */ = {
			isa = XCSwiftPackageProductDependency;
			package = 1BD063B82B9A550500E04558 /* XCRemoteSwiftPackageReference "firebase-ios-sdk" */;
			productName = FirebasePerformance;
		};
		1BD063E72B9A550500E04558 /* FirebaseRemoteConfig */ = {
			isa = XCSwiftPackageProductDependency;
			package = 1BD063B82B9A550500E04558 /* XCRemoteSwiftPackageReference "firebase-ios-sdk" */;
			productName = FirebaseRemoteConfig;
		};
		1BD063E92B9A550500E04558 /* FirebaseRemoteConfigSwift */ = {
			isa = XCSwiftPackageProductDependency;
			package = 1BD063B82B9A550500E04558 /* XCRemoteSwiftPackageReference "firebase-ios-sdk" */;
			productName = FirebaseRemoteConfigSwift;
		};
		1BD063EB2B9A550500E04558 /* FirebaseStorage */ = {
			isa = XCSwiftPackageProductDependency;
			package = 1BD063B82B9A550500E04558 /* XCRemoteSwiftPackageReference "firebase-ios-sdk" */;
			productName = FirebaseStorage;
		};
		1BD063ED2B9A550500E04558 /* FirebaseStorageCombine-Community */ = {
			isa = XCSwiftPackageProductDependency;
			package = 1BD063B82B9A550500E04558 /* XCRemoteSwiftPackageReference "firebase-ios-sdk" */;
			productName = "FirebaseStorageCombine-Community";
		};
/* End XCSwiftPackageProductDependency section */
	};
	rootObject = 1BD62FFB2B6A83AA009C769C /* Project object */;
}
